
Microsoft Visual Studio Solution File, Format Version 12.00
# Visual Studio Version 17
VisualStudioVersion = 17.9.34622.214
MinimumVisualStudioVersion = 10.0.40219.1
Project("{2150E333-8FDC-42A3-9474-1A3956D46DE8}") = "_dev", "_dev", "{CE8895F2-E3CE-4B10-81C2-8B016CBC4147}"
	ProjectSection(SolutionItems) = preProject
		TextFile1.txt = TextFile1.txt
	EndProjectSection
EndProject
Project("{FAE04EC0-301F-11D3-BF4B-00C04F79EFBC}") = "Server", "Server\Server.csproj", "{B3B0339F-4A05-45C3-9D87-0BE862055673}"
EndProject
Project("{FAE04EC0-301F-11D3-BF4B-00C04F79EFBC}") = "Client", "Client\Client.csproj", "{5FB39EA7-5B26-49D6-8607-4EBA96EA7B3A}"
EndProject
Project("{FAE04EC0-301F-11D3-BF4B-00C04F79EFBC}") = "BaseLibrary", "BaseLibrary\BaseLibrary.csproj", "{11FDDD90-11B9-4DDB-BDCC-D18D1B4C0AC8}"
EndProject
Project("{FAE04EC0-301F-11D3-BF4B-00C04F79EFBC}") = "ClientLibrary", "ClientLibrary\ClientLibrary.csproj", "{3BE77866-3E09-4522-B236-5E5D6B6611D1}"
EndProject
Project("{FAE04EC0-301F-11D3-BF4B-00C04F79EFBC}") = "ServerLibrary", "ServerLibrary\ServerLibrary.csproj", "{8DAE5D4A-8ED2-43A9-AAC5-CE051269EE72}"
EndProject
Global
	GlobalSection(SolutionConfigurationPlatforms) = preSolution
		Debug|Any CPU = Debug|Any CPU
		Release|Any CPU = Release|Any CPU
	EndGlobalSection
	GlobalSection(ProjectConfigurationPlatforms) = postSolution
		{B3B0339F-4A05-45C3-9D87-0BE862055673}.Debug|Any CPU.ActiveCfg = Debug|Any CPU
		{B3B0339F-4A05-45C3-9D87-0BE862055673}.Debug|Any CPU.Build.0 = Debug|Any CPU
		{B3B0339F-4A05-45C3-9D87-0BE862055673}.Release|Any CPU.ActiveCfg = Release|Any CPU
		{B3B0339F-4A05-45C3-9D87-0BE862055673}.Release|Any CPU.Build.0 = Release|Any CPU
		{5FB39EA7-5B26-49D6-8607-4EBA96EA7B3A}.Debug|Any CPU.ActiveCfg = Debug|Any CPU
		{5FB39EA7-5B26-49D6-8607-4EBA96EA7B3A}.Debug|Any CPU.Build.0 = Debug|Any CPU
		{5FB39EA7-5B26-49D6-8607-4EBA96EA7B3A}.Release|Any CPU.ActiveCfg = Release|Any CPU
		{5FB39EA7-5B26-49D6-8607-4EBA96EA7B3A}.Release|Any CPU.Build.0 = Release|Any CPU
		{11FDDD90-11B9-4DDB-BDCC-D18D1B4C0AC8}.Debug|Any CPU.ActiveCfg = Debug|Any CPU
		{11FDDD90-11B9-4DDB-BDCC-D18D1B4C0AC8}.Debug|Any CPU.Build.0 = Debug|Any CPU
		{11FDDD90-11B9-4DDB-BDCC-D18D1B4C0AC8}.Release|Any CPU.ActiveCfg = Release|Any CPU
		{11FDDD90-11B9-4DDB-BDCC-D18D1B4C0AC8}.Release|Any CPU.Build.0 = Release|Any CPU
		{3BE77866-3E09-4522-B236-5E5D6B6611D1}.Debug|Any CPU.ActiveCfg = Debug|Any CPU
		{3BE77866-3E09-4522-B236-5E5D6B6611D1}.Debug|Any CPU.Build.0 = Debug|Any CPU
		{3BE77866-3E09-4522-B236-5E5D6B6611D1}.Release|Any CPU.ActiveCfg = Release|Any CPU
		{3BE77866-3E09-4522-B236-5E5D6B6611D1}.Release|Any CPU.Build.0 = Release|Any CPU
		{8DAE5D4A-8ED2-43A9-AAC5-CE051269EE72}.Debug|Any CPU.ActiveCfg = Debug|Any CPU
		{8DAE5D4A-8ED2-43A9-AAC5-CE051269EE72}.Debug|Any CPU.Build.0 = Debug|Any CPU
		{8DAE5D4A-8ED2-43A9-AAC5-CE051269EE72}.Release|Any CPU.ActiveCfg = Release|Any CPU
		{8DAE5D4A-8ED2-43A9-AAC5-CE051269EE72}.Release|Any CPU.Build.0 = Release|Any CPU
	EndGlobalSection
	GlobalSection(SolutionProperties) = preSolution
		HideSolutionNode = FALSE
	EndGlobalSection
	GlobalSection(ExtensibilityGlobals) = postSolution
		SolutionGuid = {7EF58523-A4CD-4E26-BCCC-2288774323C5}
	EndGlobalSection
EndGlobal
